// !$*UTF8*$!
{
	archiveVersion = 1;
	classes = {
	};
	objectVersion = 77;
	objects = {

/* Begin PBXBuildFile section */
		0EDCC1FB2CAEF97400D71CCD /* nybits in Frameworks */ = {isa = PBXBuildFile; productRef = 0EDCC1FA2CAEF97400D71CCD /* nybits */; };
		0EDCC1FD2CAEF97400D71CCD /* nybundle in Frameworks */ = {isa = PBXBuildFile; productRef = 0EDCC1FC2CAEF97400D71CCD /* nybundle */; };
		0EDCC1FF2CAEF97400D71CCD /* nydefaults in Frameworks */ = {isa = PBXBuildFile; productRef = 0EDCC1FE2CAEF97400D71CCD /* nydefaults */; };
/* End PBXBuildFile section */

/* Begin PBXContainerItemProxy section */
		0EDCC1BE2CAEE6AC00D71CCD /* PBXContainerItemProxy */ = {
			isa = PBXContainerItemProxy;
			containerPortal = 0EDCC1A12CAEE6AA00D71CCD /* Project object */;
			proxyType = 1;
			remoteGlobalIDString = 0EDCC1A82CAEE6AA00D71CCD;
			remoteInfo = counter;
		};
		0EDCC1C82CAEE6AC00D71CCD /* PBXContainerItemProxy */ = {
			isa = PBXContainerItemProxy;
			containerPortal = 0EDCC1A12CAEE6AA00D71CCD /* Project object */;
			proxyType = 1;
			remoteGlobalIDString = 0EDCC1A82CAEE6AA00D71CCD;
			remoteInfo = counter;
		};
/* End PBXContainerItemProxy section */

/* Begin PBXFileReference section */
		0EDCC1A92CAEE6AA00D71CCD /* nyCounter.app */ = {isa = PBXFileReference; explicitFileType = wrapper.application; includeInIndex = 0; path = nyCounter.app; sourceTree = BUILT_PRODUCTS_DIR; };
		0EDCC1BD2CAEE6AC00D71CCD /* nyCounterTests.xctest */ = {isa = PBXFileReference; explicitFileType = wrapper.cfbundle; includeInIndex = 0; path = nyCounterTests.xctest; sourceTree = BUILT_PRODUCTS_DIR; };
		0EDCC1C72CAEE6AC00D71CCD /* nyCounterUITests.xctest */ = {isa = PBXFileReference; explicitFileType = wrapper.cfbundle; includeInIndex = 0; path = nyCounterUITests.xctest; sourceTree = BUILT_PRODUCTS_DIR; };
/* End PBXFileReference section */

/* Begin PBXFileSystemSynchronizedBuildFileExceptionSet section */
		0E562C0B2CB1A7AD00F6BF5A /* Exceptions for "counter" folder in "nyCounterTests" target */ = {
			isa = PBXFileSystemSynchronizedBuildFileExceptionSet;
			membershipExceptions = (
				Misc/Tests/counterTests/counterTests.swift,
			);
			target = 0EDCC1BC2CAEE6AC00D71CCD /* nyCounterTests */;
		};
		0E562C0C2CB1A7AD00F6BF5A /* Exceptions for "counter" folder in "nyCounterUITests" target */ = {
			isa = PBXFileSystemSynchronizedBuildFileExceptionSet;
			membershipExceptions = (
				Misc/Tests/counterUITests/counterUITests.swift,
				Misc/Tests/counterUITests/counterUITestsLaunchTests.swift,
			);
			target = 0EDCC1C62CAEE6AC00D71CCD /* nyCounterUITests */;
		};
		0EDCC1F62CAEF1F600D71CCD /* Exceptions for "counter" folder in "nyCounter" target */ = {
			isa = PBXFileSystemSynchronizedBuildFileExceptionSet;
			membershipExceptions = (
				Misc/Info.plist,
				Misc/Tests/counterTests/counterTests.swift,
				Misc/Tests/counterUITests/counterUITests.swift,
				Misc/Tests/counterUITests/counterUITestsLaunchTests.swift,
			);
			target = 0EDCC1A82CAEE6AA00D71CCD /* nyCounter */;
		};
/* End PBXFileSystemSynchronizedBuildFileExceptionSet section */

/* Begin PBXFileSystemSynchronizedRootGroup section */
		0EDCC1AB2CAEE6AA00D71CCD /* counter */ = {
			isa = PBXFileSystemSynchronizedRootGroup;
			exceptions = (
				0EDCC1F62CAEF1F600D71CCD /* Exceptions for "counter" folder in "nyCounter" target */,
				0E562C0B2CB1A7AD00F6BF5A /* Exceptions for "counter" folder in "nyCounterTests" target */,
				0E562C0C2CB1A7AD00F6BF5A /* Exceptions for "counter" folder in "nyCounterUITests" target */,
			);
			path = counter;
			sourceTree = "<group>";
		};
/* End PBXFileSystemSynchronizedRootGroup section */

/* Begin PBXFrameworksBuildPhase section */
		0EDCC1A62CAEE6AA00D71CCD /* Frameworks */ = {
			isa = PBXFrameworksBuildPhase;
			buildActionMask = 2147483647;
			files = (
				0EDCC1FF2CAEF97400D71CCD /* nydefaults in Frameworks */,
				0EDCC1FB2CAEF97400D71CCD /* nybits in Frameworks */,
				0EDCC1FD2CAEF97400D71CCD /* nybundle in Frameworks */,
			);
			runOnlyForDeploymentPostprocessing = 0;
		};
		0EDCC1BA2CAEE6AC00D71CCD /* Frameworks */ = {
			isa = PBXFrameworksBuildPhase;
			buildActionMask = 2147483647;
			files = (
			);
			runOnlyForDeploymentPostprocessing = 0;
		};
		0EDCC1C42CAEE6AC00D71CCD /* Frameworks */ = {
			isa = PBXFrameworksBuildPhase;
			buildActionMask = 2147483647;
			files = (
			);
			runOnlyForDeploymentPostprocessing = 0;
		};
/* End PBXFrameworksBuildPhase section */

/* Begin PBXGroup section */
		0EDCC1A02CAEE6AA00D71CCD = {
			isa = PBXGroup;
			children = (
				0EDCC1AB2CAEE6AA00D71CCD /* counter */,
				0EDCC1AA2CAEE6AA00D71CCD /* Products */,
			);
			sourceTree = "<group>";
		};
		0EDCC1AA2CAEE6AA00D71CCD /* Products */ = {
			isa = PBXGroup;
			children = (
				0EDCC1A92CAEE6AA00D71CCD /* nyCounter.app */,
				0EDCC1BD2CAEE6AC00D71CCD /* nyCounterTests.xctest */,
				0EDCC1C72CAEE6AC00D71CCD /* nyCounterUITests.xctest */,
			);
			name = Products;
			sourceTree = "<group>";
		};
/* End PBXGroup section */

/* Begin PBXNativeTarget section */
		0EDCC1A82CAEE6AA00D71CCD /* nyCounter */ = {
			isa = PBXNativeTarget;
			buildConfigurationList = 0EDCC1D02CAEE6AC00D71CCD /* Build configuration list for PBXNativeTarget "nyCounter" */;
			buildPhases = (
				0EDCC1A52CAEE6AA00D71CCD /* Sources */,
				0EDCC1A62CAEE6AA00D71CCD /* Frameworks */,
				0EDCC1A72CAEE6AA00D71CCD /* Resources */,
			);
			buildRules = (
			);
			dependencies = (
			);
			fileSystemSynchronizedGroups = (
				0EDCC1AB2CAEE6AA00D71CCD /* counter */,
			);
			name = nyCounter;
			packageProductDependencies = (
				0EDCC1FA2CAEF97400D71CCD /* nybits */,
				0EDCC1FC2CAEF97400D71CCD /* nybundle */,
				0EDCC1FE2CAEF97400D71CCD /* nydefaults */,
			);
			productName = counter;
			productReference = 0EDCC1A92CAEE6AA00D71CCD /* nyCounter.app */;
			productType = "com.apple.product-type.application";
		};
		0EDCC1BC2CAEE6AC00D71CCD /* nyCounterTests */ = {
			isa = PBXNativeTarget;
			buildConfigurationList = 0EDCC1D52CAEE6AC00D71CCD /* Build configuration list for PBXNativeTarget "nyCounterTests" */;
			buildPhases = (
				0EDCC1B92CAEE6AC00D71CCD /* Sources */,
				0EDCC1BA2CAEE6AC00D71CCD /* Frameworks */,
				0EDCC1BB2CAEE6AC00D71CCD /* Resources */,
			);
			buildRules = (
			);
			dependencies = (
				0EDCC1BF2CAEE6AC00D71CCD /* PBXTargetDependency */,
			);
			name = nyCounterTests;
			packageProductDependencies = (
			);
			productName = counterTests;
			productReference = 0EDCC1BD2CAEE6AC00D71CCD /* nyCounterTests.xctest */;
			productType = "com.apple.product-type.bundle.unit-test";
		};
		0EDCC1C62CAEE6AC00D71CCD /* nyCounterUITests */ = {
			isa = PBXNativeTarget;
			buildConfigurationList = 0EDCC1D82CAEE6AC00D71CCD /* Build configuration list for PBXNativeTarget "nyCounterUITests" */;
			buildPhases = (
				0EDCC1C32CAEE6AC00D71CCD /* Sources */,
				0EDCC1C42CAEE6AC00D71CCD /* Frameworks */,
				0EDCC1C52CAEE6AC00D71CCD /* Resources */,
			);
			buildRules = (
			);
			dependencies = (
				0EDCC1C92CAEE6AC00D71CCD /* PBXTargetDependency */,
			);
			name = nyCounterUITests;
			packageProductDependencies = (
			);
			productName = counterUITests;
			productReference = 0EDCC1C72CAEE6AC00D71CCD /* nyCounterUITests.xctest */;
			productType = "com.apple.product-type.bundle.ui-testing";
		};
/* End PBXNativeTarget section */

/* Begin PBXProject section */
		0EDCC1A12CAEE6AA00D71CCD /* Project object */ = {
			isa = PBXProject;
			attributes = {
				BuildIndependentTargetsInParallel = 1;
				LastSwiftUpdateCheck = 1610;
				LastUpgradeCheck = 1610;
				TargetAttributes = {
					0EDCC1A82CAEE6AA00D71CCD = {
						CreatedOnToolsVersion = 16.1;
					};
					0EDCC1BC2CAEE6AC00D71CCD = {
						CreatedOnToolsVersion = 16.1;
						TestTargetID = 0EDCC1A82CAEE6AA00D71CCD;
					};
					0EDCC1C62CAEE6AC00D71CCD = {
						CreatedOnToolsVersion = 16.1;
						TestTargetID = 0EDCC1A82CAEE6AA00D71CCD;
					};
				};
			};
			buildConfigurationList = 0EDCC1A42CAEE6AA00D71CCD /* Build configuration list for PBXProject "nyCounter" */;
			developmentRegion = en;
			hasScannedForEncodings = 0;
			knownRegions = (
				en,
				Base,
			);
			mainGroup = 0EDCC1A02CAEE6AA00D71CCD;
			minimizedProjectReferenceProxies = 1;
			packageReferences = (
				0EDCC1F92CAEF97400D71CCD /* XCRemoteSwiftPackageReference "nybits" */,
			);
			preferredProjectObjectVersion = 77;
			productRefGroup = 0EDCC1AA2CAEE6AA00D71CCD /* Products */;
			projectDirPath = "";
			projectRoot = "";
			targets = (
				0EDCC1A82CAEE6AA00D71CCD /* nyCounter */,
				0EDCC1BC2CAEE6AC00D71CCD /* nyCounterTests */,
				0EDCC1C62CAEE6AC00D71CCD /* nyCounterUITests */,
			);
		};
/* End PBXProject section */

/* Begin PBXResourcesBuildPhase section */
		0EDCC1A72CAEE6AA00D71CCD /* Resources */ = {
			isa = PBXResourcesBuildPhase;
			buildActionMask = 2147483647;
			files = (
			);
			runOnlyForDeploymentPostprocessing = 0;
		};
		0EDCC1BB2CAEE6AC00D71CCD /* Resources */ = {
			isa = PBXResourcesBuildPhase;
			buildActionMask = 2147483647;
			files = (
			);
			runOnlyForDeploymentPostprocessing = 0;
		};
		0EDCC1C52CAEE6AC00D71CCD /* Resources */ = {
			isa = PBXResourcesBuildPhase;
			buildActionMask = 2147483647;
			files = (
			);
			runOnlyForDeploymentPostprocessing = 0;
		};
/* End PBXResourcesBuildPhase section */

/* Begin PBXSourcesBuildPhase section */
		0EDCC1A52CAEE6AA00D71CCD /* Sources */ = {
			isa = PBXSourcesBuildPhase;
			buildActionMask = 2147483647;
			files = (
			);
			runOnlyForDeploymentPostprocessing = 0;
		};
		0EDCC1B92CAEE6AC00D71CCD /* Sources */ = {
			isa = PBXSourcesBuildPhase;
			buildActionMask = 2147483647;
			files = (
			);
			runOnlyForDeploymentPostprocessing = 0;
		};
		0EDCC1C32CAEE6AC00D71CCD /* Sources */ = {
			isa = PBXSourcesBuildPhase;
			buildActionMask = 2147483647;
			files = (
			);
			runOnlyForDeploymentPostprocessing = 0;
		};
/* End PBXSourcesBuildPhase section */

/* Begin PBXTargetDependency section */
		0EDCC1BF2CAEE6AC00D71CCD /* PBXTargetDependency */ = {
			isa = PBXTargetDependency;
			target = 0EDCC1A82CAEE6AA00D71CCD /* nyCounter */;
			targetProxy = 0EDCC1BE2CAEE6AC00D71CCD /* PBXContainerItemProxy */;
		};
		0EDCC1C92CAEE6AC00D71CCD /* PBXTargetDependency */ = {
			isa = PBXTargetDependency;
			target = 0EDCC1A82CAEE6AA00D71CCD /* nyCounter */;
			targetProxy = 0EDCC1C82CAEE6AC00D71CCD /* PBXContainerItemProxy */;
		};
/* End PBXTargetDependency section */

/* Begin XCBuildConfiguration section */
		0EDCC1D12CAEE6AC00D71CCD /* Debug */ = {
			isa = XCBuildConfiguration;
			buildSettings = {
				ASSETCATALOG_COMPILER_APPICON_NAME = AppIcon;
				ASSETCATALOG_COMPILER_GLOBAL_ACCENT_COLOR_NAME = AccentColor;
				CODE_SIGN_ENTITLEMENTS = counter/Misc/counter.entitlements;
				CODE_SIGN_STYLE = Automatic;
				CREATE_INFOPLIST_SECTION_IN_BINARY = YES;
				CURRENT_PROJECT_VERSION = 1;
				DEVELOPMENT_ASSET_PATHS = "\"counter/Misc/Assets/Preview Content\"";
				DEVELOPMENT_TEAM = EU74F4WL9R;
				ENABLE_HARDENED_RUNTIME = YES;
				ENABLE_PREVIEWS = YES;
				GENERATE_INFOPLIST_FILE = YES;
				INFOPLIST_FILE = counter/Misc/Info.plist;
				INFOPLIST_KEY_CFBundleDisplayName = nyCounter;
				INFOPLIST_KEY_LSApplicationCategoryType = "public.app-category.utilities";
				INFOPLIST_KEY_UIApplicationSceneManifest_Generation = YES;
				INFOPLIST_KEY_UIApplicationSupportsIndirectInputEvents = YES;
				INFOPLIST_KEY_UILaunchScreen_Generation = YES;
				INFOPLIST_KEY_UISupportedInterfaceOrientations_iPad = "UIInterfaceOrientationPortrait UIInterfaceOrientationPortraitUpsideDown UIInterfaceOrientationLandscapeLeft UIInterfaceOrientationLandscapeRight";
				INFOPLIST_KEY_UISupportedInterfaceOrientations_iPhone = "UIInterfaceOrientationPortrait UIInterfaceOrientationLandscapeLeft UIInterfaceOrientationLandscapeRight";
				IPHONEOS_DEPLOYMENT_TARGET = 17.0;
				LD_RUNPATH_SEARCH_PATHS = (
					"$(inherited)",
					"@executable_path/Frameworks",
				);
				MACOSX_DEPLOYMENT_TARGET = 14.6;
				MARKETING_VERSION = 1.0.2;
				PRODUCT_BUNDLE_IDENTIFIER = ny.count;
				PRODUCT_NAME = "$(TARGET_NAME)";
				REGISTER_APP_GROUPS = NO;
				SUPPORTED_PLATFORMS = "iphoneos iphonesimulator macosx";
				SUPPORTS_MACCATALYST = NO;
				SUPPORTS_MAC_DESIGNED_FOR_IPHONE_IPAD = NO;
				SWIFT_EMIT_LOC_STRINGS = YES;
				SWIFT_VERSION = 5.0;
				TARGETED_DEVICE_FAMILY = "1,2";
			};
			name = Debug;
		};
		0EDCC1D22CAEE6AC00D71CCD /* Release */ = {
			isa = XCBuildConfiguration;
			buildSettings = {
				ASSETCATALOG_COMPILER_APPICON_NAME = AppIcon;
				ASSETCATALOG_COMPILER_GLOBAL_ACCENT_COLOR_NAME = AccentColor;
				CODE_SIGN_ENTITLEMENTS = counter/Misc/counter.entitlements;
				CODE_SIGN_STYLE = Automatic;
				CREATE_INFOPLIST_SECTION_IN_BINARY = YES;
				CURRENT_PROJECT_VERSION = 1;
				DEVELOPMENT_ASSET_PATHS = "\"counter/Misc/Assets/Preview Content\"";
				DEVELOPMENT_TEAM = EU74F4WL9R;
				ENABLE_HARDENED_RUNTIME = YES;
				ENABLE_PREVIEWS = YES;
				GENERATE_INFOPLIST_FILE = YES;
				INFOPLIST_FILE = counter/Misc/Info.plist;
				INFOPLIST_KEY_CFBundleDisplayName = nyCounter;
				INFOPLIST_KEY_LSApplicationCategoryType = "public.app-category.utilities";
				INFOPLIST_KEY_UIApplicationSceneManifest_Generation = YES;
				INFOPLIST_KEY_UIApplicationSupportsIndirectInputEvents = YES;
				INFOPLIST_KEY_UILaunchScreen_Generation = YES;
				INFOPLIST_KEY_UISupportedInterfaceOrientations_iPad = "UIInterfaceOrientationPortrait UIInterfaceOrientationPortraitUpsideDown UIInterfaceOrientationLandscapeLeft UIInterfaceOrientationLandscapeRight";
				INFOPLIST_KEY_UISupportedInterfaceOrientations_iPhone = "UIInterfaceOrientationPortrait UIInterfaceOrientationLandscapeLeft UIInterfaceOrientationLandscapeRight";
				IPHONEOS_DEPLOYMENT_TARGET = 17.0;
				LD_RUNPATH_SEARCH_PATHS = (
					"$(inherited)",
					"@executable_path/Frameworks",
				);
				MACOSX_DEPLOYMENT_TARGET = 14.6;
				MARKETING_VERSION = 1.0.2;
				PRODUCT_BUNDLE_IDENTIFIER = ny.count;
				PRODUCT_NAME = "$(TARGET_NAME)";
				REGISTER_APP_GROUPS = NO;
				SUPPORTED_PLATFORMS = "iphoneos iphonesimulator macosx";
				SUPPORTS_MACCATALYST = NO;
				SUPPORTS_MAC_DESIGNED_FOR_IPHONE_IPAD = NO;
				SWIFT_EMIT_LOC_STRINGS = YES;
				SWIFT_VERSION = 5.0;
				TARGETED_DEVICE_FAMILY = "1,2";
			};
			name = Release;
		};
		0EDCC1D32CAEE6AC00D71CCD /* Debug */ = {
			isa = XCBuildConfiguration;
			buildSettings = {
				ALWAYS_SEARCH_USER_PATHS = NO;
				ASSETCATALOG_COMPILER_GENERATE_SWIFT_ASSET_SYMBOL_EXTENSIONS = YES;
				CLANG_ANALYZER_NONNULL = YES;
				CLANG_ANALYZER_NUMBER_OBJECT_CONVERSION = YES_AGGRESSIVE;
				CLANG_CXX_LANGUAGE_STANDARD = "gnu++20";
				CLANG_ENABLE_MODULES = YES;
				CLANG_ENABLE_OBJC_ARC = YES;
				CLANG_ENABLE_OBJC_WEAK = YES;
				CLANG_WARN_BLOCK_CAPTURE_AUTORELEASING = YES;
				CLANG_WARN_BOOL_CONVERSION = YES;
				CLANG_WARN_COMMA = YES;
				CLANG_WARN_CONSTANT_CONVERSION = YES;
				CLANG_WARN_DEPRECATED_OBJC_IMPLEMENTATIONS = YES;
				CLANG_WARN_DIRECT_OBJC_ISA_USAGE = YES_ERROR;
				CLANG_WARN_DOCUMENTATION_COMMENTS = YES;
				CLANG_WARN_EMPTY_BODY = YES;
				CLANG_WARN_ENUM_CONVERSION = YES;
				CLANG_WARN_INFINITE_RECURSION = YES;
				CLANG_WARN_INT_CONVERSION = YES;
				CLANG_WARN_NON_LITERAL_NULL_CONVERSION = YES;
				CLANG_WARN_OBJC_IMPLICIT_RETAIN_SELF = YES;
				CLANG_WARN_OBJC_LITERAL_CONVERSION = YES;
				CLANG_WARN_OBJC_ROOT_CLASS = YES_ERROR;
				CLANG_WARN_QUOTED_INCLUDE_IN_FRAMEWORK_HEADER = YES;
				CLANG_WARN_RANGE_LOOP_ANALYSIS = YES;
				CLANG_WARN_STRICT_PROTOTYPES = YES;
				CLANG_WARN_SUSPICIOUS_MOVE = YES;
				CLANG_WARN_UNGUARDED_AVAILABILITY = YES_AGGRESSIVE;
				CLANG_WARN_UNREACHABLE_CODE = YES;
				CLANG_WARN__DUPLICATE_METHOD_MATCH = YES;
				COPY_PHASE_STRIP = NO;
				DEBUG_INFORMATION_FORMAT = dwarf;
				ENABLE_STRICT_OBJC_MSGSEND = YES;
				ENABLE_TESTABILITY = YES;
				ENABLE_USER_SCRIPT_SANDBOXING = YES;
				GCC_C_LANGUAGE_STANDARD = gnu17;
				GCC_DYNAMIC_NO_PIC = NO;
				GCC_NO_COMMON_BLOCKS = YES;
				GCC_OPTIMIZATION_LEVEL = 0;
				GCC_PREPROCESSOR_DEFINITIONS = (
					"DEBUG=1",
					"$(inherited)",
				);
				GCC_WARN_64_TO_32_BIT_CONVERSION = YES;
				GCC_WARN_ABOUT_RETURN_TYPE = YES_ERROR;
				GCC_WARN_UNDECLARED_SELECTOR = YES;
				GCC_WARN_UNINITIALIZED_AUTOS = YES_AGGRESSIVE;
				GCC_WARN_UNUSED_FUNCTION = YES;
				GCC_WARN_UNUSED_VARIABLE = YES;
				IPHONEOS_DEPLOYMENT_TARGET = 17.6;
				LOCALIZATION_PREFERS_STRING_CATALOGS = YES;
				MACOSX_DEPLOYMENT_TARGET = 14.6;
				MTL_ENABLE_DEBUG_INFO = INCLUDE_SOURCE;
				MTL_FAST_MATH = YES;
				ONLY_ACTIVE_ARCH = YES;
				SDKROOT = iphoneos;
				SWIFT_ACTIVE_COMPILATION_CONDITIONS = "DEBUG $(inherited)";
				SWIFT_OPTIMIZATION_LEVEL = "-Onone";
			};
			name = Debug;
		};
		0EDCC1D42CAEE6AC00D71CCD /* Release */ = {
			isa = XCBuildConfiguration;
			buildSettings = {
				ALWAYS_SEARCH_USER_PATHS = NO;
				ASSETCATALOG_COMPILER_GENERATE_SWIFT_ASSET_SYMBOL_EXTENSIONS = YES;
				CLANG_ANALYZER_NONNULL = YES;
				CLANG_ANALYZER_NUMBER_OBJECT_CONVERSION = YES_AGGRESSIVE;
				CLANG_CXX_LANGUAGE_STANDARD = "gnu++20";
				CLANG_ENABLE_MODULES = YES;
				CLANG_ENABLE_OBJC_ARC = YES;
				CLANG_ENABLE_OBJC_WEAK = YES;
				CLANG_WARN_BLOCK_CAPTURE_AUTORELEASING = YES;
				CLANG_WARN_BOOL_CONVERSION = YES;
				CLANG_WARN_COMMA = YES;
				CLANG_WARN_CONSTANT_CONVERSION = YES;
				CLANG_WARN_DEPRECATED_OBJC_IMPLEMENTATIONS = YES;
				CLANG_WARN_DIRECT_OBJC_ISA_USAGE = YES_ERROR;
				CLANG_WARN_DOCUMENTATION_COMMENTS = YES;
				CLANG_WARN_EMPTY_BODY = YES;
				CLANG_WARN_ENUM_CONVERSION = YES;
				CLANG_WARN_INFINITE_RECURSION = YES;
				CLANG_WARN_INT_CONVERSION = YES;
				CLANG_WARN_NON_LITERAL_NULL_CONVERSION = YES;
				CLANG_WARN_OBJC_IMPLICIT_RETAIN_SELF = YES;
				CLANG_WARN_OBJC_LITERAL_CONVERSION = YES;
				CLANG_WARN_OBJC_ROOT_CLASS = YES_ERROR;
				CLANG_WARN_QUOTED_INCLUDE_IN_FRAMEWORK_HEADER = YES;
				CLANG_WARN_RANGE_LOOP_ANALYSIS = YES;
				CLANG_WARN_STRICT_PROTOTYPES = YES;
				CLANG_WARN_SUSPICIOUS_MOVE = YES;
				CLANG_WARN_UNGUARDED_AVAILABILITY = YES_AGGRESSIVE;
				CLANG_WARN_UNREACHABLE_CODE = YES;
				CLANG_WARN__DUPLICATE_METHOD_MATCH = YES;
				COPY_PHASE_STRIP = NO;
				DEBUG_INFORMATION_FORMAT = "dwarf-with-dsym";
				ENABLE_NS_ASSERTIONS = NO;
				ENABLE_STRICT_OBJC_MSGSEND = YES;
				ENABLE_USER_SCRIPT_SANDBOXING = YES;
				GCC_C_LANGUAGE_STANDARD = gnu17;
				GCC_NO_COMMON_BLOCKS = YES;
				GCC_WARN_64_TO_32_BIT_CONVERSION = YES;
				GCC_WARN_ABOUT_RETURN_TYPE = YES_ERROR;
				GCC_WARN_UNDECLARED_SELECTOR = YES;
				GCC_WARN_UNINITIALIZED_AUTOS = YES_AGGRESSIVE;
				GCC_WARN_UNUSED_FUNCTION = YES;
				GCC_WARN_UNUSED_VARIABLE = YES;
				IPHONEOS_DEPLOYMENT_TARGET = 17.6;
				LOCALIZATION_PREFERS_STRING_CATALOGS = YES;
				MACOSX_DEPLOYMENT_TARGET = 14.6;
				MTL_ENABLE_DEBUG_INFO = NO;
				MTL_FAST_MATH = YES;
				SDKROOT = iphoneos;
				SWIFT_COMPILATION_MODE = wholemodule;
				VALIDATE_PRODUCT = YES;
			};
			name = Release;
		};
		0EDCC1D62CAEE6AC00D71CCD /* Debug */ = {
			isa = XCBuildConfiguration;
			buildSettings = {
				BUNDLE_LOADER = "$(TEST_HOST)";
				CODE_SIGN_STYLE = Automatic;
				CURRENT_PROJECT_VERSION = 1;
				DEVELOPMENT_TEAM = EU74F4WL9R;
				GENERATE_INFOPLIST_FILE = YES;
				IPHONEOS_DEPLOYMENT_TARGET = 18.1;
				MARKETING_VERSION = 1.0;
				PRODUCT_BUNDLE_IDENTIFIER = ny.counterTests;
				PRODUCT_NAME = "$(TARGET_NAME)";
				SWIFT_EMIT_LOC_STRINGS = NO;
				SWIFT_VERSION = 5.0;
				TARGETED_DEVICE_FAMILY = "1,2";
				TEST_HOST = "$(BUILT_PRODUCTS_DIR)/nyCounter.app/$(BUNDLE_EXECUTABLE_FOLDER_PATH)/nyCounter";
			};
			name = Debug;
		};
		0EDCC1D72CAEE6AC00D71CCD /* Release */ = {
			isa = XCBuildConfiguration;
			buildSettings = {
				BUNDLE_LOADER = "$(TEST_HOST)";
				CODE_SIGN_STYLE = Automatic;
				CURRENT_PROJECT_VERSION = 1;
				DEVELOPMENT_TEAM = EU74F4WL9R;
				GENERATE_INFOPLIST_FILE = YES;
				IPHONEOS_DEPLOYMENT_TARGET = 18.1;
				MARKETING_VERSION = 1.0;
				PRODUCT_BUNDLE_IDENTIFIER = ny.counterTests;
				PRODUCT_NAME = "$(TARGET_NAME)";
				SWIFT_EMIT_LOC_STRINGS = NO;
				SWIFT_VERSION = 5.0;
				TARGETED_DEVICE_FAMILY = "1,2";
				TEST_HOST = "$(BUILT_PRODUCTS_DIR)/nyCounter.app/$(BUNDLE_EXECUTABLE_FOLDER_PATH)/nyCounter";
			};
			name = Release;
		};
		0EDCC1D92CAEE6AC00D71CCD /* Debug */ = {
			isa = XCBuildConfiguration;
			buildSettings = {
				CODE_SIGN_STYLE = Automatic;
				CURRENT_PROJECT_VERSION = 1;
				DEVELOPMENT_TEAM = EU74F4WL9R;
				GENERATE_INFOPLIST_FILE = YES;
				MARKETING_VERSION = 1.0;
				PRODUCT_BUNDLE_IDENTIFIER = ny.counterUITests;
				PRODUCT_NAME = "$(TARGET_NAME)";
				SWIFT_EMIT_LOC_STRINGS = NO;
				SWIFT_VERSION = 5.0;
				TARGETED_DEVICE_FAMILY = "1,2";
				TEST_TARGET_NAME = counter;
			};
			name = Debug;
		};
		0EDCC1DA2CAEE6AC00D71CCD /* Release */ = {
			isa = XCBuildConfiguration;
			buildSettings = {
				CODE_SIGN_STYLE = Automatic;
				CURRENT_PROJECT_VERSION = 1;
				DEVELOPMENT_TEAM = EU74F4WL9R;
				GENERATE_INFOPLIST_FILE = YES;
				MARKETING_VERSION = 1.0;
				PRODUCT_BUNDLE_IDENTIFIER = ny.counterUITests;
				PRODUCT_NAME = "$(TARGET_NAME)";
				SWIFT_EMIT_LOC_STRINGS = NO;
				SWIFT_VERSION = 5.0;
				TARGETED_DEVICE_FAMILY = "1,2";
				TEST_TARGET_NAME = counter;
			};
			name = Release;
		};
/* End XCBuildConfiguration section */

/* Begin XCConfigurationList section */
		0EDCC1A42CAEE6AA00D71CCD /* Build configuration list for PBXProject "nyCounter" */ = {
			isa = XCConfigurationList;
			buildConfigurations = (
				0EDCC1D32CAEE6AC00D71CCD /* Debug */,
				0EDCC1D42CAEE6AC00D71CCD /* Release */,
			);
			defaultConfigurationIsVisible = 0;
			defaultConfigurationName = Release;
		};
		0EDCC1D02CAEE6AC00D71CCD /* Build configuration list for PBXNativeTarget "nyCounter" */ = {
			isa = XCConfigurationList;
			buildConfigurations = (
				0EDCC1D12CAEE6AC00D71CCD /* Debug */,
				0EDCC1D22CAEE6AC00D71CCD /* Release */,
			);
			defaultConfigurationIsVisible = 0;
			defaultConfigurationName = Release;
		};
		0EDCC1D52CAEE6AC00D71CCD /* Build configuration list for PBXNativeTarget "nyCounterTests" */ = {
			isa = XCConfigurationList;
			buildConfigurations = (
				0EDCC1D62CAEE6AC00D71CCD /* Debug */,
				0EDCC1D72CAEE6AC00D71CCD /* Release */,
			);
			defaultConfigurationIsVisible = 0;
			defaultConfigurationName = Release;
		};
		0EDCC1D82CAEE6AC00D71CCD /* Build configuration list for PBXNativeTarget "nyCounterUITests" */ = {
			isa = XCConfigurationList;
			buildConfigurations = (
				0EDCC1D92CAEE6AC00D71CCD /* Debug */,
				0EDCC1DA2CAEE6AC00D71CCD /* Release */,
			);
			defaultConfigurationIsVisible = 0;
			defaultConfigurationName = Release;
		};
/* End XCConfigurationList section */

/* Begin XCRemoteSwiftPackageReference section */
		0EDCC1F92CAEF97400D71CCD /* XCRemoteSwiftPackageReference "nybits" */ = {
			isa = XCRemoteSwiftPackageReference;
			repositoryURL = "https://github.com/nythepegasus/nybits.git";
			requirement = {
				kind = upToNextMajorVersion;
				minimumVersion = 0.0.5;
			};
		};
/* End XCRemoteSwiftPackageReference section */

/* Begin XCSwiftPackageProductDependency section */
		0EDCC1FA2CAEF97400D71CCD /* nybits */ = {
			isa = XCSwiftPackageProductDependency;
			package = 0EDCC1F92CAEF97400D71CCD /* XCRemoteSwiftPackageReference "nybits" */;
			productName = nybits;
		};
		0EDCC1FC2CAEF97400D71CCD /* nybundle */ = {
			isa = XCSwiftPackageProductDependency;
			package = 0EDCC1F92CAEF97400D71CCD /* XCRemoteSwiftPackageReference "nybits" */;
			productName = nybundle;
		};
		0EDCC1FE2CAEF97400D71CCD /* nydefaults */ = {
			isa = XCSwiftPackageProductDependency;
			package = 0EDCC1F92CAEF97400D71CCD /* XCRemoteSwiftPackageReference "nybits" */;
			productName = nydefaults;
		};
/* End XCSwiftPackageProductDependency section */
	};
	rootObject = 0EDCC1A12CAEE6AA00D71CCD /* Project object */;
}
