{
  "originHash" : "ecb988111d787d437f30cebc6a1d45ef723469df2f637801b59d9f193f9399c4",
  "pins" : [
    {
      "identity" : "defaultable",
      "kind" : "remoteSourceControl",
      "location" : "https://github.com/nythepegasus/Defaultable",
      "state" : {
        "revision" : "9f574c2f8ec1aae66f67d56c61edfb2f88b548c2",
        "version" : "0.1.1"
      }
    }
  ],
  "version" : 3
}
